
Microsoft Visual Studio Solution File, Format Version 12.00
# Visual Studio Version 17
VisualStudioVersion = 17.2.32630.192
MinimumVisualStudioVersion = 10.0.40219.1
Project("{FAE04EC0-301F-11D3-BF4B-00C04F79EFBC}") = "BootStrap", "BootStrap\BootStrap.csproj", "{86CF53EF-75CC-47CA-A151-5F07CA0C60CA}"
EndProject
Global
	GlobalSection(SolutionConfigurationPlatforms) = preSolution
		Debug|Any CPU = Debug|Any CPU
		Release|Any CPU = Release|Any CPU
	EndGlobalSection
	GlobalSection(ProjectConfigurationPlatforms) = postSolution
		{86CF53EF-75CC-47CA-A151-5F07CA0C60CA}.Debug|Any CPU.ActiveCfg = Debug|Any CPU
		{86CF53EF-75CC-47CA-A151-5F07CA0C60CA}.Debug|Any CPU.Build.0 = Debug|Any CPU
		{86CF53EF-75CC-47CA-A151-5F07CA0C60CA}.Release|Any CPU.ActiveCfg = Release|Any CPU
		{86CF53EF-75CC-47CA-A151-5F07CA0C60CA}.Release|Any CPU.Build.0 = Release|Any CPU
	EndGlobalSection
	GlobalSection(SolutionProperties) = preSolution
		HideSolutionNode = FALSE
	EndGlobalSection
	GlobalSection(ExtensibilityGlobals) = postSolution
		SolutionGuid = {647BA808-CA3C-402C-A402-0C42793545E1}
	EndGlobalSection
EndGlobal
